// !$*UTF8*$!
{
	archiveVersion = 1;
	classes = {
	};
	objectVersion = 55;
	objects = {

/* Begin PBXBuildFile section */
		4045EB8AE03C8F0222F4F5F9 /* Pods_MyCloset2.framework in Frameworks */ = {isa = PBXBuildFile; fileRef = EEA91A738F7099BD0457E578 /* Pods_MyCloset2.framework */; };
		940B35432859A9EF00172ADB /* AppDelegate.swift in Sources */ = {isa = PBXBuildFile; fileRef = 940B35422859A9EF00172ADB /* AppDelegate.swift */; };
		940B35452859A9EF00172ADB /* SceneDelegate.swift in Sources */ = {isa = PBXBuildFile; fileRef = 940B35442859A9EF00172ADB /* SceneDelegate.swift */; };
		940B35472859A9EF00172ADB /* ViewController.swift in Sources */ = {isa = PBXBuildFile; fileRef = 940B35462859A9EF00172ADB /* ViewController.swift */; };
		940B354A2859A9EF00172ADB /* Main.storyboard in Resources */ = {isa = PBXBuildFile; fileRef = 940B35482859A9EF00172ADB /* Main.storyboard */; };
		940B354C2859A9F000172ADB /* Assets.xcassets in Resources */ = {isa = PBXBuildFile; fileRef = 940B354B2859A9F000172ADB /* Assets.xcassets */; };
		940B354F2859A9F000172ADB /* LaunchScreen.storyboard in Resources */ = {isa = PBXBuildFile; fileRef = 940B354D2859A9F000172ADB /* LaunchScreen.storyboard */; };
		940B355A2859A9F000172ADB /* MyCloset2Tests.swift in Sources */ = {isa = PBXBuildFile; fileRef = 940B35592859A9F000172ADB /* MyCloset2Tests.swift */; };
		940B35642859A9F000172ADB /* MyCloset2UITests.swift in Sources */ = {isa = PBXBuildFile; fileRef = 940B35632859A9F000172ADB /* MyCloset2UITests.swift */; };
		940B35662859A9F000172ADB /* MyCloset2UITestsLaunchTests.swift in Sources */ = {isa = PBXBuildFile; fileRef = 940B35652859A9F000172ADB /* MyCloset2UITestsLaunchTests.swift */; };
		94D32CBD28ACED1400AE8409 /* checked-icon@2x.png in Resources */ = {isa = PBXBuildFile; fileRef = 94D32CA228ACED1400AE8409 /* checked-icon@2x.png */; };
		94D32CBE28ACED1400AE8409 /* icons-search@2x.png in Resources */ = {isa = PBXBuildFile; fileRef = 94D32CA328ACED1400AE8409 /* icons-search@2x.png */; };
		94D32CBF28ACED1400AE8409 /* check_off@2x.png in Resources */ = {isa = PBXBuildFile; fileRef = 94D32CA428ACED1400AE8409 /* check_off@2x.png */; };
		94D32CC028ACED1400AE8409 /* clothes-image.jpeg in Resources */ = {isa = PBXBuildFile; fileRef = 94D32CA528ACED1400AE8409 /* clothes-image.jpeg */; };
		94D32CC128ACED1400AE8409 /* cancel-icon@2x.png in Resources */ = {isa = PBXBuildFile; fileRef = 94D32CA628ACED1400AE8409 /* cancel-icon@2x.png */; };
		94D32CC228ACED1400AE8409 /* howtouseImage.png in Resources */ = {isa = PBXBuildFile; fileRef = 94D32CA728ACED1400AE8409 /* howtouseImage.png */; };
		94D32CC328ACED1400AE8409 /* Mac細丸ゴシック.TTF in Resources */ = {isa = PBXBuildFile; fileRef = 94D32CA828ACED1400AE8409 /* Mac細丸ゴシック.TTF */; };
		94D32CC428ACED1400AE8409 /* howtouse1.jpg in Resources */ = {isa = PBXBuildFile; fileRef = 94D32CA928ACED1400AE8409 /* howtouse1.jpg */; };
		94D32CC528ACED1400AE8409 /* tabbar-icon-shoes@2x.png in Resources */ = {isa = PBXBuildFile; fileRef = 94D32CAA28ACED1400AE8409 /* tabbar-icon-shoes@2x.png */; };
		94D32CC628ACED1400AE8409 /* howtouse3.jpg in Resources */ = {isa = PBXBuildFile; fileRef = 94D32CAB28ACED1400AE8409 /* howtouse3.jpg */; };
		94D32CC728ACED1400AE8409 /* howtouse2.jpg in Resources */ = {isa = PBXBuildFile; fileRef = 94D32CAC28ACED1400AE8409 /* howtouse2.jpg */; };
		94D32CC828ACED1400AE8409 /* KodomoRounded.otf in Resources */ = {isa = PBXBuildFile; fileRef = 94D32CAD28ACED1400AE8409 /* KodomoRounded.otf */; };
		94D32CC928ACED1400AE8409 /* background-image.JPG in Resources */ = {isa = PBXBuildFile; fileRef = 94D32CAE28ACED1400AE8409 /* background-image.JPG */; };
		94D32CCA28ACED1400AE8409 /* background-image.png in Resources */ = {isa = PBXBuildFile; fileRef = 94D32CAF28ACED1400AE8409 /* background-image.png */; };
		94D32CCB28ACED1400AE8409 /* tabbar-icon-bottoms@2x.png in Resources */ = {isa = PBXBuildFile; fileRef = 94D32CB028ACED1400AE8409 /* tabbar-icon-bottoms@2x.png */; };
		94D32CCC28ACED1400AE8409 /* howToUse-icon@2x.png in Resources */ = {isa = PBXBuildFile; fileRef = 94D32CB128ACED1400AE8409 /* howToUse-icon@2x.png */; };
		94D32CCD28ACED1400AE8409 /* HonyaJi-Re.ttf in Resources */ = {isa = PBXBuildFile; fileRef = 94D32CB228ACED1400AE8409 /* HonyaJi-Re.ttf */; };
		94D32CCE28ACED1400AE8409 /* clothes-placeholder-icon@2x.png in Resources */ = {isa = PBXBuildFile; fileRef = 94D32CB328ACED1400AE8409 /* clothes-placeholder-icon@2x.png */; };
		94D32CCF28ACED1400AE8409 /* howtouse4.png in Resources */ = {isa = PBXBuildFile; fileRef = 94D32CB428ACED1400AE8409 /* howtouse4.png */; };
		94D32CD028ACED1400AE8409 /* tabbar-icon-home@2x.png in Resources */ = {isa = PBXBuildFile; fileRef = 94D32CB528ACED1400AE8409 /* tabbar-icon-home@2x.png */; };
		94D32CD128ACED1400AE8409 /* tabbar-icon-theOthers@2x.png in Resources */ = {isa = PBXBuildFile; fileRef = 94D32CB628ACED1400AE8409 /* tabbar-icon-theOthers@2x.png */; };
		94D32CD228ACED1400AE8409 /* cinecaption227.TTF in Resources */ = {isa = PBXBuildFile; fileRef = 94D32CB728ACED1400AE8409 /* cinecaption227.TTF */; };
		94D32CD328ACED1400AE8409 /* icon-delete@2x.png in Resources */ = {isa = PBXBuildFile; fileRef = 94D32CB828ACED1400AE8409 /* icon-delete@2x.png */; };
		94D32CD428ACED1400AE8409 /* checkBox-icon@2x.png in Resources */ = {isa = PBXBuildFile; fileRef = 94D32CB928ACED1400AE8409 /* checkBox-icon@2x.png */; };
		94D32CD528ACED1400AE8409 /* check_on@2x.png in Resources */ = {isa = PBXBuildFile; fileRef = 94D32CBA28ACED1400AE8409 /* check_on@2x.png */; };
		94D32CD628ACED1400AE8409 /* tabbar-icon-tops@2x.png in Resources */ = {isa = PBXBuildFile; fileRef = 94D32CBB28ACED1400AE8409 /* tabbar-icon-tops@2x.png */; };
		94D32CD728ACED1400AE8409 /* smartfont.otf in Resources */ = {isa = PBXBuildFile; fileRef = 94D32CBC28ACED1400AE8409 /* smartfont.otf */; };
		94D32CD928ACF49800AE8409 /* OthersViewController.swift in Sources */ = {isa = PBXBuildFile; fileRef = 94D32CD828ACF49800AE8409 /* OthersViewController.swift */; };
		94D32CDB28ACF4CF00AE8409 /* AddViewController.swift in Sources */ = {isa = PBXBuildFile; fileRef = 94D32CDA28ACF4CF00AE8409 /* AddViewController.swift */; };
		94D32CDD28ACFC3700AE8409 /* Clothes.swift in Sources */ = {isa = PBXBuildFile; fileRef = 94D32CDC28ACFC3600AE8409 /* Clothes.swift */; };
		94D32CE128AD09FB00AE8409 /* ClothesTableViewCell.swift in Sources */ = {isa = PBXBuildFile; fileRef = 94D32CDF28AD09FB00AE8409 /* ClothesTableViewCell.swift */; };
		94D32CE228AD09FB00AE8409 /* ClothesTableViewCell.xib in Resources */ = {isa = PBXBuildFile; fileRef = 94D32CE028AD09FB00AE8409 /* ClothesTableViewCell.xib */; };
		94D32CE528AD385B00AE8409 /* LoadFunctions.swift in Sources */ = {isa = PBXBuildFile; fileRef = 94D32CE428AD385B00AE8409 /* LoadFunctions.swift */; };
		94D32CE728AD3BAC00AE8409 /* ShoesViewController.swift in Sources */ = {isa = PBXBuildFile; fileRef = 94D32CE628AD3BAC00AE8409 /* ShoesViewController.swift */; };
		94D32CE928AD4B8400AE8409 /* DetailViewController.swift in Sources */ = {isa = PBXBuildFile; fileRef = 94D32CE828AD4B8400AE8409 /* DetailViewController.swift */; };
		AFD14EFC87AEF581F40AEE0A /* Pods_MyCloset2_MyCloset2UITests.framework in Frameworks */ = {isa = PBXBuildFile; fileRef = 504C4A858119A1B8C20D97AF /* Pods_MyCloset2_MyCloset2UITests.framework */; };
		FFA601E3A671CDD4A9837E5B /* Pods_MyCloset2Tests.framework in Frameworks */ = {isa = PBXBuildFile; fileRef = BDA7B92BA40365AD0DDC2264 /* Pods_MyCloset2Tests.framework */; };
/* End PBXBuildFile section */

/* Begin PBXContainerItemProxy section */
		940B35562859A9F000172ADB /* PBXContainerItemProxy */ = {
			isa = PBXContainerItemProxy;
			containerPortal = 940B35372859A9EF00172ADB /* Project object */;
			proxyType = 1;
			remoteGlobalIDString = 940B353E2859A9EF00172ADB;
			remoteInfo = MyCloset2;
		};
		940B35602859A9F000172ADB /* PBXContainerItemProxy */ = {
			isa = PBXContainerItemProxy;
			containerPortal = 940B35372859A9EF00172ADB /* Project object */;
			proxyType = 1;
			remoteGlobalIDString = 940B353E2859A9EF00172ADB;
			remoteInfo = MyCloset2;
		};
/* End PBXContainerItemProxy section */

/* Begin PBXFileReference section */
		23D9135352B2E228BF9FCB6C /* Pods-MyCloset2Tests.release.xcconfig */ = {isa = PBXFileReference; includeInIndex = 1; lastKnownFileType = text.xcconfig; name = "Pods-MyCloset2Tests.release.xcconfig"; path = "Target Support Files/Pods-MyCloset2Tests/Pods-MyCloset2Tests.release.xcconfig"; sourceTree = "<group>"; };
		5032EB63DD11878B7CECB174 /* Pods-MyCloset2.debug.xcconfig */ = {isa = PBXFileReference; includeInIndex = 1; lastKnownFileType = text.xcconfig; name = "Pods-MyCloset2.debug.xcconfig"; path = "Target Support Files/Pods-MyCloset2/Pods-MyCloset2.debug.xcconfig"; sourceTree = "<group>"; };
		504C4A858119A1B8C20D97AF /* Pods_MyCloset2_MyCloset2UITests.framework */ = {isa = PBXFileReference; explicitFileType = wrapper.framework; includeInIndex = 0; path = Pods_MyCloset2_MyCloset2UITests.framework; sourceTree = BUILT_PRODUCTS_DIR; };
		7B45113DCA1C902230AE7E69 /* Pods-MyCloset2.release.xcconfig */ = {isa = PBXFileReference; includeInIndex = 1; lastKnownFileType = text.xcconfig; name = "Pods-MyCloset2.release.xcconfig"; path = "Target Support Files/Pods-MyCloset2/Pods-MyCloset2.release.xcconfig"; sourceTree = "<group>"; };
		940B353F2859A9EF00172ADB /* MyCloset2.app */ = {isa = PBXFileReference; explicitFileType = wrapper.application; includeInIndex = 0; path = MyCloset2.app; sourceTree = BUILT_PRODUCTS_DIR; };
		940B35422859A9EF00172ADB /* AppDelegate.swift */ = {isa = PBXFileReference; lastKnownFileType = sourcecode.swift; path = AppDelegate.swift; sourceTree = "<group>"; };
		940B35442859A9EF00172ADB /* SceneDelegate.swift */ = {isa = PBXFileReference; lastKnownFileType = sourcecode.swift; path = SceneDelegate.swift; sourceTree = "<group>"; };
		940B35462859A9EF00172ADB /* ViewController.swift */ = {isa = PBXFileReference; lastKnownFileType = sourcecode.swift; path = ViewController.swift; sourceTree = "<group>"; };
		940B35492859A9EF00172ADB /* Base */ = {isa = PBXFileReference; lastKnownFileType = file.storyboard; name = Base; path = Base.lproj/Main.storyboard; sourceTree = "<group>"; };
		940B354B2859A9F000172ADB /* Assets.xcassets */ = {isa = PBXFileReference; lastKnownFileType = folder.assetcatalog; path = Assets.xcassets; sourceTree = "<group>"; };
		940B354E2859A9F000172ADB /* Base */ = {isa = PBXFileReference; lastKnownFileType = file.storyboard; name = Base; path = Base.lproj/LaunchScreen.storyboard; sourceTree = "<group>"; };
		940B35502859A9F000172ADB /* Info.plist */ = {isa = PBXFileReference; lastKnownFileType = text.plist.xml; path = Info.plist; sourceTree = "<group>"; };
		940B35552859A9F000172ADB /* MyCloset2Tests.xctest */ = {isa = PBXFileReference; explicitFileType = wrapper.cfbundle; includeInIndex = 0; path = MyCloset2Tests.xctest; sourceTree = BUILT_PRODUCTS_DIR; };
		940B35592859A9F000172ADB /* MyCloset2Tests.swift */ = {isa = PBXFileReference; lastKnownFileType = sourcecode.swift; path = MyCloset2Tests.swift; sourceTree = "<group>"; };
		940B355F2859A9F000172ADB /* MyCloset2UITests.xctest */ = {isa = PBXFileReference; explicitFileType = wrapper.cfbundle; includeInIndex = 0; path = MyCloset2UITests.xctest; sourceTree = BUILT_PRODUCTS_DIR; };
		940B35632859A9F000172ADB /* MyCloset2UITests.swift */ = {isa = PBXFileReference; lastKnownFileType = sourcecode.swift; path = MyCloset2UITests.swift; sourceTree = "<group>"; };
		940B35652859A9F000172ADB /* MyCloset2UITestsLaunchTests.swift */ = {isa = PBXFileReference; lastKnownFileType = sourcecode.swift; path = MyCloset2UITestsLaunchTests.swift; sourceTree = "<group>"; };
		94D32CA228ACED1400AE8409 /* checked-icon@2x.png */ = {isa = PBXFileReference; lastKnownFileType = image.png; path = "checked-icon@2x.png"; sourceTree = "<group>"; };
		94D32CA328ACED1400AE8409 /* icons-search@2x.png */ = {isa = PBXFileReference; lastKnownFileType = image.png; path = "icons-search@2x.png"; sourceTree = "<group>"; };
		94D32CA428ACED1400AE8409 /* check_off@2x.png */ = {isa = PBXFileReference; lastKnownFileType = image.png; path = "check_off@2x.png"; sourceTree = "<group>"; };
		94D32CA528ACED1400AE8409 /* clothes-image.jpeg */ = {isa = PBXFileReference; lastKnownFileType = image.jpeg; path = "clothes-image.jpeg"; sourceTree = "<group>"; };
		94D32CA628ACED1400AE8409 /* cancel-icon@2x.png */ = {isa = PBXFileReference; lastKnownFileType = image.png; path = "cancel-icon@2x.png"; sourceTree = "<group>"; };
		94D32CA728ACED1400AE8409 /* howtouseImage.png */ = {isa = PBXFileReference; lastKnownFileType = image.png; path = howtouseImage.png; sourceTree = "<group>"; };
		94D32CA828ACED1400AE8409 /* Mac細丸ゴシック.TTF */ = {isa = PBXFileReference; lastKnownFileType = file; path = "Mac細丸ゴシック.TTF"; sourceTree = "<group>"; };
		94D32CA928ACED1400AE8409 /* howtouse1.jpg */ = {isa = PBXFileReference; lastKnownFileType = image.jpeg; path = howtouse1.jpg; sourceTree = "<group>"; };
		94D32CAA28ACED1400AE8409 /* tabbar-icon-shoes@2x.png */ = {isa = PBXFileReference; lastKnownFileType = image.png; path = "tabbar-icon-shoes@2x.png"; sourceTree = "<group>"; };
		94D32CAB28ACED1400AE8409 /* howtouse3.jpg */ = {isa = PBXFileReference; lastKnownFileType = image.jpeg; path = howtouse3.jpg; sourceTree = "<group>"; };
		94D32CAC28ACED1400AE8409 /* howtouse2.jpg */ = {isa = PBXFileReference; lastKnownFileType = image.jpeg; path = howtouse2.jpg; sourceTree = "<group>"; };
		94D32CAD28ACED1400AE8409 /* KodomoRounded.otf */ = {isa = PBXFileReference; lastKnownFileType = file; path = KodomoRounded.otf; sourceTree = "<group>"; };
		94D32CAE28ACED1400AE8409 /* background-image.JPG */ = {isa = PBXFileReference; lastKnownFileType = image.jpeg; path = "background-image.JPG"; sourceTree = "<group>"; };
		94D32CAF28ACED1400AE8409 /* background-image.png */ = {isa = PBXFileReference; lastKnownFileType = image.png; path = "background-image.png"; sourceTree = "<group>"; };
		94D32CB028ACED1400AE8409 /* tabbar-icon-bottoms@2x.png */ = {isa = PBXFileReference; lastKnownFileType = image.png; path = "tabbar-icon-bottoms@2x.png"; sourceTree = "<group>"; };
		94D32CB128ACED1400AE8409 /* howToUse-icon@2x.png */ = {isa = PBXFileReference; lastKnownFileType = image.png; path = "howToUse-icon@2x.png"; sourceTree = "<group>"; };
		94D32CB228ACED1400AE8409 /* HonyaJi-Re.ttf */ = {isa = PBXFileReference; lastKnownFileType = file; path = "HonyaJi-Re.ttf"; sourceTree = "<group>"; };
		94D32CB328ACED1400AE8409 /* clothes-placeholder-icon@2x.png */ = {isa = PBXFileReference; lastKnownFileType = image.png; path = "clothes-placeholder-icon@2x.png"; sourceTree = "<group>"; };
		94D32CB428ACED1400AE8409 /* howtouse4.png */ = {isa = PBXFileReference; lastKnownFileType = image.png; path = howtouse4.png; sourceTree = "<group>"; };
		94D32CB528ACED1400AE8409 /* tabbar-icon-home@2x.png */ = {isa = PBXFileReference; lastKnownFileType = image.png; path = "tabbar-icon-home@2x.png"; sourceTree = "<group>"; };
		94D32CB628ACED1400AE8409 /* tabbar-icon-theOthers@2x.png */ = {isa = PBXFileReference; lastKnownFileType = image.png; path = "tabbar-icon-theOthers@2x.png"; sourceTree = "<group>"; };
		94D32CB728ACED1400AE8409 /* cinecaption227.TTF */ = {isa = PBXFileReference; lastKnownFileType = file; path = cinecaption227.TTF; sourceTree = "<group>"; };
		94D32CB828ACED1400AE8409 /* icon-delete@2x.png */ = {isa = PBXFileReference; lastKnownFileType = image.png; path = "icon-delete@2x.png"; sourceTree = "<group>"; };
		94D32CB928ACED1400AE8409 /* checkBox-icon@2x.png */ = {isa = PBXFileReference; lastKnownFileType = image.png; path = "checkBox-icon@2x.png"; sourceTree = "<group>"; };
		94D32CBA28ACED1400AE8409 /* check_on@2x.png */ = {isa = PBXFileReference; lastKnownFileType = image.png; path = "check_on@2x.png"; sourceTree = "<group>"; };
		94D32CBB28ACED1400AE8409 /* tabbar-icon-tops@2x.png */ = {isa = PBXFileReference; lastKnownFileType = image.png; path = "tabbar-icon-tops@2x.png"; sourceTree = "<group>"; };
		94D32CBC28ACED1400AE8409 /* smartfont.otf */ = {isa = PBXFileReference; lastKnownFileType = file; path = smartfont.otf; sourceTree = "<group>"; };
		94D32CD828ACF49800AE8409 /* OthersViewController.swift */ = {isa = PBXFileReference; lastKnownFileType = sourcecode.swift; path = OthersViewController.swift; sourceTree = "<group>"; };
		94D32CDA28ACF4CF00AE8409 /* AddViewController.swift */ = {isa = PBXFileReference; lastKnownFileType = sourcecode.swift; path = AddViewController.swift; sourceTree = "<group>"; };
		94D32CDC28ACFC3600AE8409 /* Clothes.swift */ = {isa = PBXFileReference; lastKnownFileType = sourcecode.swift; path = Clothes.swift; sourceTree = "<group>"; };
		94D32CDF28AD09FB00AE8409 /* ClothesTableViewCell.swift */ = {isa = PBXFileReference; lastKnownFileType = sourcecode.swift; path = ClothesTableViewCell.swift; sourceTree = "<group>"; };
		94D32CE028AD09FB00AE8409 /* ClothesTableViewCell.xib */ = {isa = PBXFileReference; lastKnownFileType = file.xib; path = ClothesTableViewCell.xib; sourceTree = "<group>"; };
		94D32CE428AD385B00AE8409 /* LoadFunctions.swift */ = {isa = PBXFileReference; lastKnownFileType = sourcecode.swift; path = LoadFunctions.swift; sourceTree = "<group>"; };
		94D32CE628AD3BAC00AE8409 /* ShoesViewController.swift */ = {isa = PBXFileReference; lastKnownFileType = sourcecode.swift; path = ShoesViewController.swift; sourceTree = "<group>"; };
		94D32CE828AD4B8400AE8409 /* DetailViewController.swift */ = {isa = PBXFileReference; lastKnownFileType = sourcecode.swift; path = DetailViewController.swift; sourceTree = "<group>"; };
		BDA7B92BA40365AD0DDC2264 /* Pods_MyCloset2Tests.framework */ = {isa = PBXFileReference; explicitFileType = wrapper.framework; includeInIndex = 0; path = Pods_MyCloset2Tests.framework; sourceTree = BUILT_PRODUCTS_DIR; };
		DA10553C7FDBA533EF0C4DFF /* Pods-MyCloset2Tests.debug.xcconfig */ = {isa = PBXFileReference; includeInIndex = 1; lastKnownFileType = text.xcconfig; name = "Pods-MyCloset2Tests.debug.xcconfig"; path = "Target Support Files/Pods-MyCloset2Tests/Pods-MyCloset2Tests.debug.xcconfig"; sourceTree = "<group>"; };
		EEA91A738F7099BD0457E578 /* Pods_MyCloset2.framework */ = {isa = PBXFileReference; explicitFileType = wrapper.framework; includeInIndex = 0; path = Pods_MyCloset2.framework; sourceTree = BUILT_PRODUCTS_DIR; };
		FEFBA63C351EE3FDC287D689 /* Pods-MyCloset2-MyCloset2UITests.release.xcconfig */ = {isa = PBXFileReference; includeInIndex = 1; lastKnownFileType = text.xcconfig; name = "Pods-MyCloset2-MyCloset2UITests.release.xcconfig"; path = "Target Support Files/Pods-MyCloset2-MyCloset2UITests/Pods-MyCloset2-MyCloset2UITests.release.xcconfig"; sourceTree = "<group>"; };
		FF7FE9ED38877962DC2036F1 /* Pods-MyCloset2-MyCloset2UITests.debug.xcconfig */ = {isa = PBXFileReference; includeInIndex = 1; lastKnownFileType = text.xcconfig; name = "Pods-MyCloset2-MyCloset2UITests.debug.xcconfig"; path = "Target Support Files/Pods-MyCloset2-MyCloset2UITests/Pods-MyCloset2-MyCloset2UITests.debug.xcconfig"; sourceTree = "<group>"; };
/* End PBXFileReference section */

/* Begin PBXFrameworksBuildPhase section */
		940B353C2859A9EF00172ADB /* Frameworks */ = {
			isa = PBXFrameworksBuildPhase;
			buildActionMask = 2147483647;
			files = (
				4045EB8AE03C8F0222F4F5F9 /* Pods_MyCloset2.framework in Frameworks */,
			);
			runOnlyForDeploymentPostprocessing = 0;
		};
		940B35522859A9F000172ADB /* Frameworks */ = {
			isa = PBXFrameworksBuildPhase;
			buildActionMask = 2147483647;
			files = (
				FFA601E3A671CDD4A9837E5B /* Pods_MyCloset2Tests.framework in Frameworks */,
			);
			runOnlyForDeploymentPostprocessing = 0;
		};
		940B355C2859A9F000172ADB /* Frameworks */ = {
			isa = PBXFrameworksBuildPhase;
			buildActionMask = 2147483647;
			files = (
				AFD14EFC87AEF581F40AEE0A /* Pods_MyCloset2_MyCloset2UITests.framework in Frameworks */,
			);
			runOnlyForDeploymentPostprocessing = 0;
		};
/* End PBXFrameworksBuildPhase section */

/* Begin PBXGroup section */
		3E1DCBB09C23C99C4E4B2170 /* Pods */ = {
			isa = PBXGroup;
			children = (
				5032EB63DD11878B7CECB174 /* Pods-MyCloset2.debug.xcconfig */,
				7B45113DCA1C902230AE7E69 /* Pods-MyCloset2.release.xcconfig */,
				FF7FE9ED38877962DC2036F1 /* Pods-MyCloset2-MyCloset2UITests.debug.xcconfig */,
				FEFBA63C351EE3FDC287D689 /* Pods-MyCloset2-MyCloset2UITests.release.xcconfig */,
				DA10553C7FDBA533EF0C4DFF /* Pods-MyCloset2Tests.debug.xcconfig */,
				23D9135352B2E228BF9FCB6C /* Pods-MyCloset2Tests.release.xcconfig */,
			);
			path = Pods;
			sourceTree = "<group>";
		};
		91837FD0E3083FDD2486C6DC /* Frameworks */ = {
			isa = PBXGroup;
			children = (
				EEA91A738F7099BD0457E578 /* Pods_MyCloset2.framework */,
				504C4A858119A1B8C20D97AF /* Pods_MyCloset2_MyCloset2UITests.framework */,
				BDA7B92BA40365AD0DDC2264 /* Pods_MyCloset2Tests.framework */,
			);
			name = Frameworks;
			sourceTree = "<group>";
		};
		940B35362859A9EF00172ADB = {
			isa = PBXGroup;
			children = (
				940B35412859A9EF00172ADB /* MyCloset2 */,
				940B35582859A9F000172ADB /* MyCloset2Tests */,
				940B35622859A9F000172ADB /* MyCloset2UITests */,
				940B35402859A9EF00172ADB /* Products */,
				3E1DCBB09C23C99C4E4B2170 /* Pods */,
				91837FD0E3083FDD2486C6DC /* Frameworks */,
			);
			sourceTree = "<group>";
		};
		940B35402859A9EF00172ADB /* Products */ = {
			isa = PBXGroup;
			children = (
				940B353F2859A9EF00172ADB /* MyCloset2.app */,
				940B35552859A9F000172ADB /* MyCloset2Tests.xctest */,
				940B355F2859A9F000172ADB /* MyCloset2UITests.xctest */,
			);
			name = Products;
			sourceTree = "<group>";
		};
		940B35412859A9EF00172ADB /* MyCloset2 */ = {
			isa = PBXGroup;
			children = (
				94D32CA128ACED1400AE8409 /* images */,
				940B35422859A9EF00172ADB /* AppDelegate.swift */,
				940B35442859A9EF00172ADB /* SceneDelegate.swift */,
				94D32CDE28ACFC4F00AE8409 /* Model */,
				940B35462859A9EF00172ADB /* ViewController.swift */,
				94D32CD828ACF49800AE8409 /* OthersViewController.swift */,
				94D32CE628AD3BAC00AE8409 /* ShoesViewController.swift */,
				94D32CDA28ACF4CF00AE8409 /* AddViewController.swift */,
				94D32CE828AD4B8400AE8409 /* DetailViewController.swift */,
				94D32CE328AD0C3300AE8409 /* Cell */,
				940B35482859A9EF00172ADB /* Main.storyboard */,
				940B354B2859A9F000172ADB /* Assets.xcassets */,
				940B354D2859A9F000172ADB /* LaunchScreen.storyboard */,
				940B35502859A9F000172ADB /* Info.plist */,
			);
			path = MyCloset2;
			sourceTree = "<group>";
		};
		940B35582859A9F000172ADB /* MyCloset2Tests */ = {
			isa = PBXGroup;
			children = (
				940B35592859A9F000172ADB /* MyCloset2Tests.swift */,
			);
			path = MyCloset2Tests;
			sourceTree = "<group>";
		};
		940B35622859A9F000172ADB /* MyCloset2UITests */ = {
			isa = PBXGroup;
			children = (
				940B35632859A9F000172ADB /* MyCloset2UITests.swift */,
				940B35652859A9F000172ADB /* MyCloset2UITestsLaunchTests.swift */,
			);
			path = MyCloset2UITests;
			sourceTree = "<group>";
		};
		94D32CA128ACED1400AE8409 /* images */ = {
			isa = PBXGroup;
			children = (
				94D32CA228ACED1400AE8409 /* checked-icon@2x.png */,
				94D32CA328ACED1400AE8409 /* icons-search@2x.png */,
				94D32CA428ACED1400AE8409 /* check_off@2x.png */,
				94D32CA528ACED1400AE8409 /* clothes-image.jpeg */,
				94D32CA628ACED1400AE8409 /* cancel-icon@2x.png */,
				94D32CA728ACED1400AE8409 /* howtouseImage.png */,
				94D32CA828ACED1400AE8409 /* Mac細丸ゴシック.TTF */,
				94D32CA928ACED1400AE8409 /* howtouse1.jpg */,
				94D32CAA28ACED1400AE8409 /* tabbar-icon-shoes@2x.png */,
				94D32CAB28ACED1400AE8409 /* howtouse3.jpg */,
				94D32CAC28ACED1400AE8409 /* howtouse2.jpg */,
				94D32CAD28ACED1400AE8409 /* KodomoRounded.otf */,
				94D32CAE28ACED1400AE8409 /* background-image.JPG */,
				94D32CAF28ACED1400AE8409 /* background-image.png */,
				94D32CB028ACED1400AE8409 /* tabbar-icon-bottoms@2x.png */,
				94D32CB128ACED1400AE8409 /* howToUse-icon@2x.png */,
				94D32CB228ACED1400AE8409 /* HonyaJi-Re.ttf */,
				94D32CB328ACED1400AE8409 /* clothes-placeholder-icon@2x.png */,
				94D32CB428ACED1400AE8409 /* howtouse4.png */,
				94D32CB528ACED1400AE8409 /* tabbar-icon-home@2x.png */,
				94D32CB628ACED1400AE8409 /* tabbar-icon-theOthers@2x.png */,
				94D32CB728ACED1400AE8409 /* cinecaption227.TTF */,
				94D32CB828ACED1400AE8409 /* icon-delete@2x.png */,
				94D32CB928ACED1400AE8409 /* checkBox-icon@2x.png */,
				94D32CBA28ACED1400AE8409 /* check_on@2x.png */,
				94D32CBB28ACED1400AE8409 /* tabbar-icon-tops@2x.png */,
				94D32CBC28ACED1400AE8409 /* smartfont.otf */,
			);
			path = images;
			sourceTree = "<group>";
		};
		94D32CDE28ACFC4F00AE8409 /* Model */ = {
			isa = PBXGroup;
			children = (
				94D32CDC28ACFC3600AE8409 /* Clothes.swift */,
				94D32CE428AD385B00AE8409 /* LoadFunctions.swift */,
			);
			path = Model;
			sourceTree = "<group>";
		};
		94D32CE328AD0C3300AE8409 /* Cell */ = {
			isa = PBXGroup;
			children = (
				94D32CDF28AD09FB00AE8409 /* ClothesTableViewCell.swift */,
				94D32CE028AD09FB00AE8409 /* ClothesTableViewCell.xib */,
			);
			path = Cell;
			sourceTree = "<group>";
		};
/* End PBXGroup section */

/* Begin PBXNativeTarget section */
		940B353E2859A9EF00172ADB /* MyCloset2 */ = {
			isa = PBXNativeTarget;
			buildConfigurationList = 940B35692859A9F000172ADB /* Build configuration list for PBXNativeTarget "MyCloset2" */;
			buildPhases = (
				1816B60B9989A27D58572416 /* [CP] Check Pods Manifest.lock */,
				940B353B2859A9EF00172ADB /* Sources */,
				940B353C2859A9EF00172ADB /* Frameworks */,
				940B353D2859A9EF00172ADB /* Resources */,
				408936A1AE8FAABA557B5472 /* [CP] Embed Pods Frameworks */,
			);
			buildRules = (
			);
			dependencies = (
			);
			name = MyCloset2;
			productName = MyCloset2;
			productReference = 940B353F2859A9EF00172ADB /* MyCloset2.app */;
			productType = "com.apple.product-type.application";
		};
		940B35542859A9F000172ADB /* MyCloset2Tests */ = {
			isa = PBXNativeTarget;
			buildConfigurationList = 940B356C2859A9F000172ADB /* Build configuration list for PBXNativeTarget "MyCloset2Tests" */;
			buildPhases = (
				2837B14DA81FFB25A87B95C6 /* [CP] Check Pods Manifest.lock */,
				940B35512859A9F000172ADB /* Sources */,
				940B35522859A9F000172ADB /* Frameworks */,
				940B35532859A9F000172ADB /* Resources */,
			);
			buildRules = (
			);
			dependencies = (
				940B35572859A9F000172ADB /* PBXTargetDependency */,
			);
			name = MyCloset2Tests;
			productName = MyCloset2Tests;
			productReference = 940B35552859A9F000172ADB /* MyCloset2Tests.xctest */;
			productType = "com.apple.product-type.bundle.unit-test";
		};
		940B355E2859A9F000172ADB /* MyCloset2UITests */ = {
			isa = PBXNativeTarget;
			buildConfigurationList = 940B356F2859A9F000172ADB /* Build configuration list for PBXNativeTarget "MyCloset2UITests" */;
			buildPhases = (
				631063607C949EF5E3D360E7 /* [CP] Check Pods Manifest.lock */,
				940B355B2859A9F000172ADB /* Sources */,
				940B355C2859A9F000172ADB /* Frameworks */,
				940B355D2859A9F000172ADB /* Resources */,
				27D5930D3D88A4D83BD4C046 /* [CP] Embed Pods Frameworks */,
			);
			buildRules = (
			);
			dependencies = (
				940B35612859A9F000172ADB /* PBXTargetDependency */,
			);
			name = MyCloset2UITests;
			productName = MyCloset2UITests;
			productReference = 940B355F2859A9F000172ADB /* MyCloset2UITests.xctest */;
			productType = "com.apple.product-type.bundle.ui-testing";
		};
/* End PBXNativeTarget section */

/* Begin PBXProject section */
		940B35372859A9EF00172ADB /* Project object */ = {
			isa = PBXProject;
			attributes = {
				BuildIndependentTargetsInParallel = 1;
				LastSwiftUpdateCheck = 1330;
				LastUpgradeCheck = 1330;
				TargetAttributes = {
					940B353E2859A9EF00172ADB = {
						CreatedOnToolsVersion = 13.3.1;
					};
					940B35542859A9F000172ADB = {
						CreatedOnToolsVersion = 13.3.1;
						TestTargetID = 940B353E2859A9EF00172ADB;
					};
					940B355E2859A9F000172ADB = {
						CreatedOnToolsVersion = 13.3.1;
						TestTargetID = 940B353E2859A9EF00172ADB;
					};
				};
			};
			buildConfigurationList = 940B353A2859A9EF00172ADB /* Build configuration list for PBXProject "MyCloset2" */;
			compatibilityVersion = "Xcode 13.0";
			developmentRegion = en;
			hasScannedForEncodings = 0;
			knownRegions = (
				en,
				Base,
			);
			mainGroup = 940B35362859A9EF00172ADB;
			productRefGroup = 940B35402859A9EF00172ADB /* Products */;
			projectDirPath = "";
			projectRoot = "";
			targets = (
				940B353E2859A9EF00172ADB /* MyCloset2 */,
				940B35542859A9F000172ADB /* MyCloset2Tests */,
				940B355E2859A9F000172ADB /* MyCloset2UITests */,
			);
		};
/* End PBXProject section */

/* Begin PBXResourcesBuildPhase section */
		940B353D2859A9EF00172ADB /* Resources */ = {
			isa = PBXResourcesBuildPhase;
			buildActionMask = 2147483647;
			files = (
				94D32CCD28ACED1400AE8409 /* HonyaJi-Re.ttf in Resources */,
				94D32CC728ACED1400AE8409 /* howtouse2.jpg in Resources */,
				940B354F2859A9F000172ADB /* LaunchScreen.storyboard in Resources */,
				94D32CD028ACED1400AE8409 /* tabbar-icon-home@2x.png in Resources */,
				94D32CBD28ACED1400AE8409 /* checked-icon@2x.png in Resources */,
				94D32CCC28ACED1400AE8409 /* howToUse-icon@2x.png in Resources */,
				94D32CD428ACED1400AE8409 /* checkBox-icon@2x.png in Resources */,
				94D32CC928ACED1400AE8409 /* background-image.JPG in Resources */,
				94D32CCF28ACED1400AE8409 /* howtouse4.png in Resources */,
				94D32CD328ACED1400AE8409 /* icon-delete@2x.png in Resources */,
				94D32CE228AD09FB00AE8409 /* ClothesTableViewCell.xib in Resources */,
				94D32CC428ACED1400AE8409 /* howtouse1.jpg in Resources */,
				94D32CC628ACED1400AE8409 /* howtouse3.jpg in Resources */,
				94D32CC328ACED1400AE8409 /* Mac細丸ゴシック.TTF in Resources */,
				94D32CC828ACED1400AE8409 /* KodomoRounded.otf in Resources */,
				94D32CD228ACED1400AE8409 /* cinecaption227.TTF in Resources */,
				94D32CCB28ACED1400AE8409 /* tabbar-icon-bottoms@2x.png in Resources */,
				94D32CBE28ACED1400AE8409 /* icons-search@2x.png in Resources */,
				94D32CD128ACED1400AE8409 /* tabbar-icon-theOthers@2x.png in Resources */,
				94D32CC128ACED1400AE8409 /* cancel-icon@2x.png in Resources */,
				940B354C2859A9F000172ADB /* Assets.xcassets in Resources */,
				94D32CCE28ACED1400AE8409 /* clothes-placeholder-icon@2x.png in Resources */,
				94D32CC028ACED1400AE8409 /* clothes-image.jpeg in Resources */,
				94D32CD728ACED1400AE8409 /* smartfont.otf in Resources */,
				940B354A2859A9EF00172ADB /* Main.storyboard in Resources */,
				94D32CCA28ACED1400AE8409 /* background-image.png in Resources */,
				94D32CBF28ACED1400AE8409 /* check_off@2x.png in Resources */,
				94D32CD628ACED1400AE8409 /* tabbar-icon-tops@2x.png in Resources */,
				94D32CC528ACED1400AE8409 /* tabbar-icon-shoes@2x.png in Resources */,
				94D32CD528ACED1400AE8409 /* check_on@2x.png in Resources */,
				94D32CC228ACED1400AE8409 /* howtouseImage.png in Resources */,
			);
			runOnlyForDeploymentPostprocessing = 0;
		};
		940B35532859A9F000172ADB /* Resources */ = {
			isa = PBXResourcesBuildPhase;
			buildActionMask = 2147483647;
			files = (
			);
			runOnlyForDeploymentPostprocessing = 0;
		};
		940B355D2859A9F000172ADB /* Resources */ = {
			isa = PBXResourcesBuildPhase;
			buildActionMask = 2147483647;
			files = (
			);
			runOnlyForDeploymentPostprocessing = 0;
		};
/* End PBXResourcesBuildPhase section */

/* Begin PBXShellScriptBuildPhase section */
		1816B60B9989A27D58572416 /* [CP] Check Pods Manifest.lock */ = {
			isa = PBXShellScriptBuildPhase;
			buildActionMask = 2147483647;
			files = (
			);
			inputFileListPaths = (
			);
			inputPaths = (
				"${PODS_PODFILE_DIR_PATH}/Podfile.lock",
				"${PODS_ROOT}/Manifest.lock",
			);
			name = "[CP] Check Pods Manifest.lock";
			outputFileListPaths = (
			);
			outputPaths = (
				"$(DERIVED_FILE_DIR)/Pods-MyCloset2-checkManifestLockResult.txt",
			);
			runOnlyForDeploymentPostprocessing = 0;
			shellPath = /bin/sh;
			shellScript = "diff \"${PODS_PODFILE_DIR_PATH}/Podfile.lock\" \"${PODS_ROOT}/Manifest.lock\" > /dev/null\nif [ $? != 0 ] ; then\n    # print error to STDERR\n    echo \"error: The sandbox is not in sync with the Podfile.lock. Run 'pod install' or update your CocoaPods installation.\" >&2\n    exit 1\nfi\n# This output is used by Xcode 'outputs' to avoid re-running this script phase.\necho \"SUCCESS\" > \"${SCRIPT_OUTPUT_FILE_0}\"\n";
			showEnvVarsInLog = 0;
		};
		27D5930D3D88A4D83BD4C046 /* [CP] Embed Pods Frameworks */ = {
			isa = PBXShellScriptBuildPhase;
			buildActionMask = 2147483647;
			files = (
			);
			inputFileListPaths = (
				"${PODS_ROOT}/Target Support Files/Pods-MyCloset2-MyCloset2UITests/Pods-MyCloset2-MyCloset2UITests-frameworks-${CONFIGURATION}-input-files.xcfilelist",
			);
			name = "[CP] Embed Pods Frameworks";
			outputFileListPaths = (
				"${PODS_ROOT}/Target Support Files/Pods-MyCloset2-MyCloset2UITests/Pods-MyCloset2-MyCloset2UITests-frameworks-${CONFIGURATION}-output-files.xcfilelist",
			);
			runOnlyForDeploymentPostprocessing = 0;
			shellPath = /bin/sh;
			shellScript = "\"${PODS_ROOT}/Target Support Files/Pods-MyCloset2-MyCloset2UITests/Pods-MyCloset2-MyCloset2UITests-frameworks.sh\"\n";
			showEnvVarsInLog = 0;
		};
		2837B14DA81FFB25A87B95C6 /* [CP] Check Pods Manifest.lock */ = {
			isa = PBXShellScriptBuildPhase;
			buildActionMask = 2147483647;
			files = (
			);
			inputFileListPaths = (
			);
			inputPaths = (
				"${PODS_PODFILE_DIR_PATH}/Podfile.lock",
				"${PODS_ROOT}/Manifest.lock",
			);
			name = "[CP] Check Pods Manifest.lock";
			outputFileListPaths = (
			);
			outputPaths = (
				"$(DERIVED_FILE_DIR)/Pods-MyCloset2Tests-checkManifestLockResult.txt",
			);
			runOnlyForDeploymentPostprocessing = 0;
			shellPath = /bin/sh;
			shellScript = "diff \"${PODS_PODFILE_DIR_PATH}/Podfile.lock\" \"${PODS_ROOT}/Manifest.lock\" > /dev/null\nif [ $? != 0 ] ; then\n    # print error to STDERR\n    echo \"error: The sandbox is not in sync with the Podfile.lock. Run 'pod install' or update your CocoaPods installation.\" >&2\n    exit 1\nfi\n# This output is used by Xcode 'outputs' to avoid re-running this script phase.\necho \"SUCCESS\" > \"${SCRIPT_OUTPUT_FILE_0}\"\n";
			showEnvVarsInLog = 0;
		};
		408936A1AE8FAABA557B5472 /* [CP] Embed Pods Frameworks */ = {
			isa = PBXShellScriptBuildPhase;
			buildActionMask = 2147483647;
			files = (
			);
			inputFileListPaths = (
				"${PODS_ROOT}/Target Support Files/Pods-MyCloset2/Pods-MyCloset2-frameworks-${CONFIGURATION}-input-files.xcfilelist",
			);
			name = "[CP] Embed Pods Frameworks";
			outputFileListPaths = (
				"${PODS_ROOT}/Target Support Files/Pods-MyCloset2/Pods-MyCloset2-frameworks-${CONFIGURATION}-output-files.xcfilelist",
			);
			runOnlyForDeploymentPostprocessing = 0;
			shellPath = /bin/sh;
			shellScript = "\"${PODS_ROOT}/Target Support Files/Pods-MyCloset2/Pods-MyCloset2-frameworks.sh\"\n";
			showEnvVarsInLog = 0;
		};
		631063607C949EF5E3D360E7 /* [CP] Check Pods Manifest.lock */ = {
			isa = PBXShellScriptBuildPhase;
			buildActionMask = 2147483647;
			files = (
			);
			inputFileListPaths = (
			);
			inputPaths = (
				"${PODS_PODFILE_DIR_PATH}/Podfile.lock",
				"${PODS_ROOT}/Manifest.lock",
			);
			name = "[CP] Check Pods Manifest.lock";
			outputFileListPaths = (
			);
			outputPaths = (
				"$(DERIVED_FILE_DIR)/Pods-MyCloset2-MyCloset2UITests-checkManifestLockResult.txt",
			);
			runOnlyForDeploymentPostprocessing = 0;
			shellPath = /bin/sh;
			shellScript = "diff \"${PODS_PODFILE_DIR_PATH}/Podfile.lock\" \"${PODS_ROOT}/Manifest.lock\" > /dev/null\nif [ $? != 0 ] ; then\n    # print error to STDERR\n    echo \"error: The sandbox is not in sync with the Podfile.lock. Run 'pod install' or update your CocoaPods installation.\" >&2\n    exit 1\nfi\n# This output is used by Xcode 'outputs' to avoid re-running this script phase.\necho \"SUCCESS\" > \"${SCRIPT_OUTPUT_FILE_0}\"\n";
			showEnvVarsInLog = 0;
		};
/* End PBXShellScriptBuildPhase section */

/* Begin PBXSourcesBuildPhase section */
		940B353B2859A9EF00172ADB /* Sources */ = {
			isa = PBXSourcesBuildPhase;
			buildActionMask = 2147483647;
			files = (
				94D32CE728AD3BAC00AE8409 /* ShoesViewController.swift in Sources */,
				94D32CDD28ACFC3700AE8409 /* Clothes.swift in Sources */,
				94D32CDB28ACF4CF00AE8409 /* AddViewController.swift in Sources */,
				940B35472859A9EF00172ADB /* ViewController.swift in Sources */,
				94D32CE528AD385B00AE8409 /* LoadFunctions.swift in Sources */,
				94D32CD928ACF49800AE8409 /* OthersViewController.swift in Sources */,
				94D32CE128AD09FB00AE8409 /* ClothesTableViewCell.swift in Sources */,
				94D32CE928AD4B8400AE8409 /* DetailViewController.swift in Sources */,
				940B35432859A9EF00172ADB /* AppDelegate.swift in Sources */,
				940B35452859A9EF00172ADB /* SceneDelegate.swift in Sources */,
			);
			runOnlyForDeploymentPostprocessing = 0;
		};
		940B35512859A9F000172ADB /* Sources */ = {
			isa = PBXSourcesBuildPhase;
			buildActionMask = 2147483647;
			files = (
				940B355A2859A9F000172ADB /* MyCloset2Tests.swift in Sources */,
			);
			runOnlyForDeploymentPostprocessing = 0;
		};
		940B355B2859A9F000172ADB /* Sources */ = {
			isa = PBXSourcesBuildPhase;
			buildActionMask = 2147483647;
			files = (
				940B35642859A9F000172ADB /* MyCloset2UITests.swift in Sources */,
				940B35662859A9F000172ADB /* MyCloset2UITestsLaunchTests.swift in Sources */,
			);
			runOnlyForDeploymentPostprocessing = 0;
		};
/* End PBXSourcesBuildPhase section */

/* Begin PBXTargetDependency section */
		940B35572859A9F000172ADB /* PBXTargetDependency */ = {
			isa = PBXTargetDependency;
			target = 940B353E2859A9EF00172ADB /* MyCloset2 */;
			targetProxy = 940B35562859A9F000172ADB /* PBXContainerItemProxy */;
		};
		940B35612859A9F000172ADB /* PBXTargetDependency */ = {
			isa = PBXTargetDependency;
			target = 940B353E2859A9EF00172ADB /* MyCloset2 */;
			targetProxy = 940B35602859A9F000172ADB /* PBXContainerItemProxy */;
		};
/* End PBXTargetDependency section */

/* Begin PBXVariantGroup section */
		940B35482859A9EF00172ADB /* Main.storyboard */ = {
			isa = PBXVariantGroup;
			children = (
				940B35492859A9EF00172ADB /* Base */,
			);
			name = Main.storyboard;
			sourceTree = "<group>";
		};
		940B354D2859A9F000172ADB /* LaunchScreen.storyboard */ = {
			isa = PBXVariantGroup;
			children = (
				940B354E2859A9F000172ADB /* Base */,
			);
			name = LaunchScreen.storyboard;
			sourceTree = "<group>";
		};
/* End PBXVariantGroup section */

/* Begin XCBuildConfiguration section */
		940B35672859A9F000172ADB /* Debug */ = {
			isa = XCBuildConfiguration;
			buildSettings = {
				ALWAYS_SEARCH_USER_PATHS = NO;
				CLANG_ANALYZER_NONNULL = YES;
				CLANG_ANALYZER_NUMBER_OBJECT_CONVERSION = YES_AGGRESSIVE;
				CLANG_CXX_LANGUAGE_STANDARD = "gnu++17";
				CLANG_ENABLE_MODULES = YES;
				CLANG_ENABLE_OBJC_ARC = YES;
				CLANG_ENABLE_OBJC_WEAK = YES;
				CLANG_WARN_BLOCK_CAPTURE_AUTORELEASING = YES;
				CLANG_WARN_BOOL_CONVERSION = YES;
				CLANG_WARN_COMMA = YES;
				CLANG_WARN_CONSTANT_CONVERSION = YES;
				CLANG_WARN_DEPRECATED_OBJC_IMPLEMENTATIONS = YES;
				CLANG_WARN_DIRECT_OBJC_ISA_USAGE = YES_ERROR;
				CLANG_WARN_DOCUMENTATION_COMMENTS = YES;
				CLANG_WARN_EMPTY_BODY = YES;
				CLANG_WARN_ENUM_CONVERSION = YES;
				CLANG_WARN_INFINITE_RECURSION = YES;
				CLANG_WARN_INT_CONVERSION = YES;
				CLANG_WARN_NON_LITERAL_NULL_CONVERSION = YES;
				CLANG_WARN_OBJC_IMPLICIT_RETAIN_SELF = YES;
				CLANG_WARN_OBJC_LITERAL_CONVERSION = YES;
				CLANG_WARN_OBJC_ROOT_CLASS = YES_ERROR;
				CLANG_WARN_QUOTED_INCLUDE_IN_FRAMEWORK_HEADER = YES;
				CLANG_WARN_RANGE_LOOP_ANALYSIS = YES;
				CLANG_WARN_STRICT_PROTOTYPES = YES;
				CLANG_WARN_SUSPICIOUS_MOVE = YES;
				CLANG_WARN_UNGUARDED_AVAILABILITY = YES_AGGRESSIVE;
				CLANG_WARN_UNREACHABLE_CODE = YES;
				CLANG_WARN__DUPLICATE_METHOD_MATCH = YES;
				COPY_PHASE_STRIP = NO;
				DEBUG_INFORMATION_FORMAT = dwarf;
				ENABLE_STRICT_OBJC_MSGSEND = YES;
				ENABLE_TESTABILITY = YES;
				GCC_C_LANGUAGE_STANDARD = gnu11;
				GCC_DYNAMIC_NO_PIC = NO;
				GCC_NO_COMMON_BLOCKS = YES;
				GCC_OPTIMIZATION_LEVEL = 0;
				GCC_PREPROCESSOR_DEFINITIONS = (
					"DEBUG=1",
					"$(inherited)",
				);
				GCC_WARN_64_TO_32_BIT_CONVERSION = YES;
				GCC_WARN_ABOUT_RETURN_TYPE = YES_ERROR;
				GCC_WARN_UNDECLARED_SELECTOR = YES;
				GCC_WARN_UNINITIALIZED_AUTOS = YES_AGGRESSIVE;
				GCC_WARN_UNUSED_FUNCTION = YES;
				GCC_WARN_UNUSED_VARIABLE = YES;
				IPHONEOS_DEPLOYMENT_TARGET = 15.4;
				MTL_ENABLE_DEBUG_INFO = INCLUDE_SOURCE;
				MTL_FAST_MATH = YES;
				ONLY_ACTIVE_ARCH = YES;
				SDKROOT = iphoneos;
				SWIFT_ACTIVE_COMPILATION_CONDITIONS = DEBUG;
				SWIFT_OPTIMIZATION_LEVEL = "-Onone";
			};
			name = Debug;
		};
		940B35682859A9F000172ADB /* Release */ = {
			isa = XCBuildConfiguration;
			buildSettings = {
				ALWAYS_SEARCH_USER_PATHS = NO;
				CLANG_ANALYZER_NONNULL = YES;
				CLANG_ANALYZER_NUMBER_OBJECT_CONVERSION = YES_AGGRESSIVE;
				CLANG_CXX_LANGUAGE_STANDARD = "gnu++17";
				CLANG_ENABLE_MODULES = YES;
				CLANG_ENABLE_OBJC_ARC = YES;
				CLANG_ENABLE_OBJC_WEAK = YES;
				CLANG_WARN_BLOCK_CAPTURE_AUTORELEASING = YES;
				CLANG_WARN_BOOL_CONVERSION = YES;
				CLANG_WARN_COMMA = YES;
				CLANG_WARN_CONSTANT_CONVERSION = YES;
				CLANG_WARN_DEPRECATED_OBJC_IMPLEMENTATIONS = YES;
				CLANG_WARN_DIRECT_OBJC_ISA_USAGE = YES_ERROR;
				CLANG_WARN_DOCUMENTATION_COMMENTS = YES;
				CLANG_WARN_EMPTY_BODY = YES;
				CLANG_WARN_ENUM_CONVERSION = YES;
				CLANG_WARN_INFINITE_RECURSION = YES;
				CLANG_WARN_INT_CONVERSION = YES;
				CLANG_WARN_NON_LITERAL_NULL_CONVERSION = YES;
				CLANG_WARN_OBJC_IMPLICIT_RETAIN_SELF = YES;
				CLANG_WARN_OBJC_LITERAL_CONVERSION = YES;
				CLANG_WARN_OBJC_ROOT_CLASS = YES_ERROR;
				CLANG_WARN_QUOTED_INCLUDE_IN_FRAMEWORK_HEADER = YES;
				CLANG_WARN_RANGE_LOOP_ANALYSIS = YES;
				CLANG_WARN_STRICT_PROTOTYPES = YES;
				CLANG_WARN_SUSPICIOUS_MOVE = YES;
				CLANG_WARN_UNGUARDED_AVAILABILITY = YES_AGGRESSIVE;
				CLANG_WARN_UNREACHABLE_CODE = YES;
				CLANG_WARN__DUPLICATE_METHOD_MATCH = YES;
				COPY_PHASE_STRIP = NO;
				DEBUG_INFORMATION_FORMAT = "dwarf-with-dsym";
				ENABLE_NS_ASSERTIONS = NO;
				ENABLE_STRICT_OBJC_MSGSEND = YES;
				GCC_C_LANGUAGE_STANDARD = gnu11;
				GCC_NO_COMMON_BLOCKS = YES;
				GCC_WARN_64_TO_32_BIT_CONVERSION = YES;
				GCC_WARN_ABOUT_RETURN_TYPE = YES_ERROR;
				GCC_WARN_UNDECLARED_SELECTOR = YES;
				GCC_WARN_UNINITIALIZED_AUTOS = YES_AGGRESSIVE;
				GCC_WARN_UNUSED_FUNCTION = YES;
				GCC_WARN_UNUSED_VARIABLE = YES;
				IPHONEOS_DEPLOYMENT_TARGET = 15.4;
				MTL_ENABLE_DEBUG_INFO = NO;
				MTL_FAST_MATH = YES;
				SDKROOT = iphoneos;
				SWIFT_COMPILATION_MODE = wholemodule;
				SWIFT_OPTIMIZATION_LEVEL = "-O";
				VALIDATE_PRODUCT = YES;
			};
			name = Release;
		};
		940B356A2859A9F000172ADB /* Debug */ = {
			isa = XCBuildConfiguration;
			baseConfigurationReference = 5032EB63DD11878B7CECB174 /* Pods-MyCloset2.debug.xcconfig */;
			buildSettings = {
				ASSETCATALOG_COMPILER_APPICON_NAME = AppIcon;
				ASSETCATALOG_COMPILER_GLOBAL_ACCENT_COLOR_NAME = AccentColor;
				CODE_SIGN_STYLE = Automatic;
				CURRENT_PROJECT_VERSION = 1;
				DEVELOPMENT_TEAM = TZ5A5U924L;
				GENERATE_INFOPLIST_FILE = YES;
				INFOPLIST_FILE = MyCloset2/Info.plist;
				INFOPLIST_KEY_UIApplicationSupportsIndirectInputEvents = YES;
				INFOPLIST_KEY_UILaunchStoryboardName = LaunchScreen;
				INFOPLIST_KEY_UIMainStoryboardFile = Main;
				INFOPLIST_KEY_UISupportedInterfaceOrientations_iPad = "UIInterfaceOrientationPortrait UIInterfaceOrientationPortraitUpsideDown UIInterfaceOrientationLandscapeLeft UIInterfaceOrientationLandscapeRight";
				INFOPLIST_KEY_UISupportedInterfaceOrientations_iPhone = "UIInterfaceOrientationPortrait UIInterfaceOrientationLandscapeLeft UIInterfaceOrientationLandscapeRight";
				LD_RUNPATH_SEARCH_PATHS = (
					"$(inherited)",
					"@executable_path/Frameworks",
				);
				MARKETING_VERSION = 1.0;
				PRODUCT_BUNDLE_IDENTIFIER = com.Asady.MyCloset2;
				PRODUCT_NAME = "$(TARGET_NAME)";
				SWIFT_EMIT_LOC_STRINGS = YES;
				SWIFT_VERSION = 5.0;
				TARGETED_DEVICE_FAMILY = "1,2";
			};
			name = Debug;
		};
		940B356B2859A9F000172ADB /* Release */ = {
			isa = XCBuildConfiguration;
			baseConfigurationReference = 7B45113DCA1C902230AE7E69 /* Pods-MyCloset2.release.xcconfig */;
			buildSettings = {
				ASSETCATALOG_COMPILER_APPICON_NAME = AppIcon;
				ASSETCATALOG_COMPILER_GLOBAL_ACCENT_COLOR_NAME = AccentColor;
				CODE_SIGN_STYLE = Automatic;
				CURRENT_PROJECT_VERSION = 1;
				DEVELOPMENT_TEAM = TZ5A5U924L;
				GENERATE_INFOPLIST_FILE = YES;
				INFOPLIST_FILE = MyCloset2/Info.plist;
				INFOPLIST_KEY_UIApplicationSupportsIndirectInputEvents = YES;
				INFOPLIST_KEY_UILaunchStoryboardName = LaunchScreen;
				INFOPLIST_KEY_UIMainStoryboardFile = Main;
				INFOPLIST_KEY_UISupportedInterfaceOrientations_iPad = "UIInterfaceOrientationPortrait UIInterfaceOrientationPortraitUpsideDown UIInterfaceOrientationLandscapeLeft UIInterfaceOrientationLandscapeRight";
				INFOPLIST_KEY_UISupportedInterfaceOrientations_iPhone = "UIInterfaceOrientationPortrait UIInterfaceOrientationLandscapeLeft UIInterfaceOrientationLandscapeRight";
				LD_RUNPATH_SEARCH_PATHS = (
					"$(inherited)",
					"@executable_path/Frameworks",
				);
				MARKETING_VERSION = 1.0;
				PRODUCT_BUNDLE_IDENTIFIER = com.Asady.MyCloset2;
				PRODUCT_NAME = "$(TARGET_NAME)";
				SWIFT_EMIT_LOC_STRINGS = YES;
				SWIFT_VERSION = 5.0;
				TARGETED_DEVICE_FAMILY = "1,2";
			};
			name = Release;
		};
		940B356D2859A9F000172ADB /* Debug */ = {
			isa = XCBuildConfiguration;
			baseConfigurationReference = DA10553C7FDBA533EF0C4DFF /* Pods-MyCloset2Tests.debug.xcconfig */;
			buildSettings = {
				ALWAYS_EMBED_SWIFT_STANDARD_LIBRARIES = YES;
				BUNDLE_LOADER = "$(TEST_HOST)";
				CODE_SIGN_STYLE = Automatic;
				CURRENT_PROJECT_VERSION = 1;
				DEVELOPMENT_TEAM = TZ5A5U924L;
				GENERATE_INFOPLIST_FILE = YES;
				IPHONEOS_DEPLOYMENT_TARGET = 15.4;
				MARKETING_VERSION = 1.0;
				PRODUCT_BUNDLE_IDENTIFIER = com.Asady.MyCloset2Tests;
				PRODUCT_NAME = "$(TARGET_NAME)";
				SWIFT_EMIT_LOC_STRINGS = NO;
				SWIFT_VERSION = 5.0;
				TARGETED_DEVICE_FAMILY = "1,2";
				TEST_HOST = "$(BUILT_PRODUCTS_DIR)/MyCloset2.app/MyCloset2";
			};
			name = Debug;
		};
		940B356E2859A9F000172ADB /* Release */ = {
			isa = XCBuildConfiguration;
			baseConfigurationReference = 23D9135352B2E228BF9FCB6C /* Pods-MyCloset2Tests.release.xcconfig */;
			buildSettings = {
				ALWAYS_EMBED_SWIFT_STANDARD_LIBRARIES = YES;
				BUNDLE_LOADER = "$(TEST_HOST)";
				CODE_SIGN_STYLE = Automatic;
				CURRENT_PROJECT_VERSION = 1;
				DEVELOPMENT_TEAM = TZ5A5U924L;
				GENERATE_INFOPLIST_FILE = YES;
				IPHONEOS_DEPLOYMENT_TARGET = 15.4;
				MARKETING_VERSION = 1.0;
				PRODUCT_BUNDLE_IDENTIFIER = com.Asady.MyCloset2Tests;
				PRODUCT_NAME = "$(TARGET_NAME)";
				SWIFT_EMIT_LOC_STRINGS = NO;
				SWIFT_VERSION = 5.0;
				TARGETED_DEVICE_FAMILY = "1,2";
				TEST_HOST = "$(BUILT_PRODUCTS_DIR)/MyCloset2.app/MyCloset2";
			};
			name = Release;
		};
		940B35702859A9F000172ADB /* Debug */ = {
			isa = XCBuildConfiguration;
			baseConfigurationReference = FF7FE9ED38877962DC2036F1 /* Pods-MyCloset2-MyCloset2UITests.debug.xcconfig */;
			buildSettings = {
				ALWAYS_EMBED_SWIFT_STANDARD_LIBRARIES = YES;
				CODE_SIGN_STYLE = Automatic;
				CURRENT_PROJECT_VERSION = 1;
				DEVELOPMENT_TEAM = TZ5A5U924L;
				GENERATE_INFOPLIST_FILE = YES;
				MARKETING_VERSION = 1.0;
				PRODUCT_BUNDLE_IDENTIFIER = com.Asady.MyCloset2UITests;
				PRODUCT_NAME = "$(TARGET_NAME)";
				SWIFT_EMIT_LOC_STRINGS = NO;
				SWIFT_VERSION = 5.0;
				TARGETED_DEVICE_FAMILY = "1,2";
				TEST_TARGET_NAME = MyCloset2;
			};
			name = Debug;
		};
		940B35712859A9F000172ADB /* Release */ = {
			isa = XCBuildConfiguration;
			baseConfigurationReference = FEFBA63C351EE3FDC287D689 /* Pods-MyCloset2-MyCloset2UITests.release.xcconfig */;
			buildSettings = {
				ALWAYS_EMBED_SWIFT_STANDARD_LIBRARIES = YES;
				CODE_SIGN_STYLE = Automatic;
				CURRENT_PROJECT_VERSION = 1;
				DEVELOPMENT_TEAM = TZ5A5U924L;
				GENERATE_INFOPLIST_FILE = YES;
				MARKETING_VERSION = 1.0;
				PRODUCT_BUNDLE_IDENTIFIER = com.Asady.MyCloset2UITests;
				PRODUCT_NAME = "$(TARGET_NAME)";
				SWIFT_EMIT_LOC_STRINGS = NO;
				SWIFT_VERSION = 5.0;
				TARGETED_DEVICE_FAMILY = "1,2";
				TEST_TARGET_NAME = MyCloset2;
			};
			name = Release;
		};
/* End XCBuildConfiguration section */

/* Begin XCConfigurationList section */
		940B353A2859A9EF00172ADB /* Build configuration list for PBXProject "MyCloset2" */ = {
			isa = XCConfigurationList;
			buildConfigurations = (
				940B35672859A9F000172ADB /* Debug */,
				940B35682859A9F000172ADB /* Release */,
			);
			defaultConfigurationIsVisible = 0;
			defaultConfigurationName = Release;
		};
		940B35692859A9F000172ADB /* Build configuration list for PBXNativeTarget "MyCloset2" */ = {
			isa = XCConfigurationList;
			buildConfigurations = (
				940B356A2859A9F000172ADB /* Debug */,
				940B356B2859A9F000172ADB /* Release */,
			);
			defaultConfigurationIsVisible = 0;
			defaultConfigurationName = Release;
		};
		940B356C2859A9F000172ADB /* Build configuration list for PBXNativeTarget "MyCloset2Tests" */ = {
			isa = XCConfigurationList;
			buildConfigurations = (
				940B356D2859A9F000172ADB /* Debug */,
				940B356E2859A9F000172ADB /* Release */,
			);
			defaultConfigurationIsVisible = 0;
			defaultConfigurationName = Release;
		};
		940B356F2859A9F000172ADB /* Build configuration list for PBXNativeTarget "MyCloset2UITests" */ = {
			isa = XCConfigurationList;
			buildConfigurations = (
				940B35702859A9F000172ADB /* Debug */,
				940B35712859A9F000172ADB /* Release */,
			);
			defaultConfigurationIsVisible = 0;
			defaultConfigurationName = Release;
		};
/* End XCConfigurationList section */
	};
	rootObject = 940B35372859A9EF00172ADB /* Project object */;
}
